github.com/iftsoft/core v0.1.0 h1:hq3d60db6wlQrNtiysrllHV7rGtnqddCjrshQFd+HFI=
github.com/iftsoft/core v0.1.0/go.mod h1:QXRk5iLyaIbvcRgH+4ZUs+w7A4B+ZQc7ENJxr+6hK0c=
github.com/iftsoft/core v0.1.1 h1:1OGDtHD1R65UKKzdmKk4iFEg5qWJNUzZ0O3BWbT5kMA=
github.com/iftsoft/core v0.1.1/go.mod h1:QXRk5iLyaIbvcRgH+4ZUs+w7A4B+ZQc7ENJxr+6hK0c=
github.com/iftsoft/core v1.0.0 h1:oR5ZY0ASL4BJKjf0IPw7d5JbBt8HzHxXiadz/dpAo/Y=
github.com/iftsoft/core v1.0.0/go.mod h1:QXRk5iLyaIbvcRgH+4ZUs+w7A4B+ZQc7ENJxr+6hK0c=
